<?xml version="1.0" encoding="utf-8"?>
<Project ToolsVersion="4.0" xmlns="http://schemas.microsoft.com/developer/msbuild/2003">
  <ItemGroup>
    <Filter Include="Source Files">
      <UniqueIdentifier>{4FC737F1-C7A5-4376-A066-2A32D752A2FF}</UniqueIdentifier>
      <Extensions>cpp;c;cc;cxx;def;odl;idl;hpj;bat;asm;asmx</Extensions>
    </Filter>
    <Filter Include="Header Files">
      <UniqueIdentifier>{93995380-89BD-4b04-88EB-625FBE52EBFB}</UniqueIdentifier>
      <Extensions>h;hh;hpp;hxx;hm;inl;inc;xsd</Extensions>
    </Filter>
    <Filter Include="Resource Files">
      <UniqueIdentifier>{67DA6AB6-F800-4c08-8B7A-83BB121AAD01}</UniqueIdentifier>
      <Extensions>rc;ico;cur;bmp;dlg;rc2;rct;bin;rgs;gif;jpg;jpeg;jpe;resx;tiff;tif;png;wav;mfcribbon-ms</Extensions>
    </Filter>
    <Filter Include="Cameras">
      <UniqueIdentifier>{d9ae3940-60fc-4b5e-956a-6ebe8c7ec19f}</UniqueIdentifier>
    </Filter>
    <Filter Include="Applications">
      <UniqueIdentifier>{cf7d769c-f101-4d42-b657-b60a4818feb2}</UniqueIdentifier>
    </Filter>
    <Filter Include="Utilities">
      <UniqueIdentifier>{a79bb6bb-9fce-4c8f-ab80-97ae3f1f98a5}</UniqueIdentifier>
    </Filter>
    <Filter Include="Applications\myPhysicsEngine">
      <UniqueIdentifier>{7f7f04a9-a336-4f61-9eac-46d555820f01}</UniqueIdentifier>
    </Filter>
    <Filter Include="PhysicsEngine">
      <UniqueIdentifier>{b5d52043-0d69-4712-8d7d-b12d6c63d8e0}</UniqueIdentifier>
    </Filter>
    <Filter Include="PhysicsEngine\2D">
      <UniqueIdentifier>{91246ba9-ee54-4693-85c3-6530d06f3bf8}</UniqueIdentifier>
    </Filter>
    <Filter Include="PhysicsEngine\2D\Actors">
      <UniqueIdentifier>{745581f2-53c5-4dd5-990e-6d48a200fb95}</UniqueIdentifier>
    </Filter>
  </ItemGroup>
  <ItemGroup>
    <ClCompile Include="src\gl_core_4_4.c">
      <Filter>Source Files</Filter>
    </ClCompile>
    <ClCompile Include="src\main.cpp">
      <Filter>Source Files</Filter>
    </ClCompile>
    <ClCompile Include="src\Gizmos.cpp">
      <Filter>Source Files</Filter>
    </ClCompile>
    <ClCompile Include="src\tiny_obj_loader.cc">
      <Filter>Source Files</Filter>
    </ClCompile>
    <ClCompile Include="src\Camera.cpp">
      <Filter>Cameras</Filter>
    </ClCompile>
    <ClCompile Include="src\FlyCamera.cpp">
      <Filter>Cameras</Filter>
    </ClCompile>
    <ClCompile Include="src\Application.cpp">
      <Filter>Applications</Filter>
    </ClCompile>
    <ClCompile Include="src\Utility.cpp">
      <Filter>Utilities</Filter>
    </ClCompile>
    <ClCompile Include="src\MyPhysicsEngine.cpp">
      <Filter>Applications\myPhysicsEngine</Filter>
    </ClCompile>
    <ClCompile Include="src\RigidBody.cpp">
      <Filter>PhysicsEngine\2D\Actors</Filter>
    </ClCompile>
    <ClCompile Include="src\Sphere.cpp">
      <Filter>PhysicsEngine\2D\Actors</Filter>
    </ClCompile>
    <ClCompile Include="src\PhysicsScene.cpp">
      <Filter>PhysicsEngine\2D</Filter>
    </ClCompile>
  </ItemGroup>
  <ItemGroup>
    <ClInclude Include="src\gl_core_4_4.h">
      <Filter>Header Files</Filter>
    </ClInclude>
    <ClInclude Include="src\Gizmos.h">
      <Filter>Header Files</Filter>
    </ClInclude>
    <ClInclude Include="src\tiny_obj_loader.h">
      <Filter>Header Files</Filter>
    </ClInclude>
    <ClInclude Include="src\Camera.h">
      <Filter>Cameras</Filter>
    </ClInclude>
    <ClInclude Include="src\FlyCamera.h">
      <Filter>Cameras</Filter>
    </ClInclude>
    <ClInclude Include="src\Application.h">
      <Filter>Applications</Filter>
    </ClInclude>
    <ClInclude Include="src\Utility.h">
      <Filter>Utilities</Filter>
    </ClInclude>
    <ClInclude Include="src\Vertex.h">
      <Filter>Utilities</Filter>
    </ClInclude>
    <ClInclude Include="src\glm_header.h">
      <Filter>Utilities</Filter>
    </ClInclude>
    <ClInclude Include="src\stb_image.h">
      <Filter>Header Files</Filter>
    </ClInclude>
    <ClInclude Include="src\Callbacks.h">
      <Filter>Utilities</Filter>
    </ClInclude>
    <ClInclude Include="src\myPhysicsEngine.h">
      <Filter>Applications\myPhysicsEngine</Filter>
    </ClInclude>
    <ClInclude Include="src\PhysicsObject.h">
      <Filter>PhysicsEngine\2D\Actors</Filter>
    </ClInclude>
    <ClInclude Include="src\RigidBody.h">
      <Filter>PhysicsEngine\2D\Actors</Filter>
    </ClInclude>
    <ClInclude Include="src\Sphere.h">
      <Filter>PhysicsEngine\2D\Actors</Filter>
    </ClInclude>
    <ClInclude Include="src\PhysicsScene.h">
      <Filter>PhysicsEngine\2D</Filter>
    </ClInclude>
  </ItemGroup>
  <ItemGroup>
    <None Include="data\shaders\basic_fragment.glsl">
      <Filter>Resource Files</Filter>
    </None>
    <None Include="data\shaders\basic_vertex.glsl">
      <Filter>Resource Files</Filter>
    </None>
    <None Include="data\shaders\texture_fragment.glsl">
      <Filter>Resource Files</Filter>
    </None>
    <None Include="data\shaders\texture_vertex.glsl">
      <Filter>Resource Files</Filter>
    </None>
    <None Include="data\shaders\textureNorm_vertex.glsl">
      <Filter>Resource Files</Filter>
    </None>
    <None Include="data\shaders\textureNorm_fragment.glsl">
      <Filter>Resource Files</Filter>
    </None>
    <None Include="data\shaders\point_light_vertex.glsl">
      <Filter>Resource Files</Filter>
    </None>
    <None Include="data\shaders\point_light_fragment.glsl">
      <Filter>Resource Files</Filter>
    </None>
  </ItemGroup>
</Project>